
Microsoft Visual Studio Solution File, Format Version 12.00
# Visual Studio 14
VisualStudioVersion = 14.0.24720.0
MinimumVisualStudioVersion = 10.0.40219.1
Project("{FAE04EC0-301F-11D3-BF4B-00C04F79EFBC}") = "Codicon", "Codicon\Codicon.csproj", "{632201C0-5FF1-4921-AE73-DB1C772FE2AE}"
EndProject
Project("{2150E333-8FDC-42A3-9474-1A3956D46DE8}") = "Solution Items", "Solution Items", "{35474FEB-91A2-46E4-8FB9-2587B406CE99}"
	ProjectSection(SolutionItems) = preProject
		README.md = README.md
	EndProjectSection
EndProject
Global
	GlobalSection(SolutionConfigurationPlatforms) = preSolution
		Debug|Any CPU = Debug|Any CPU
		Release|Any CPU = Release|Any CPU
	EndGlobalSection
	GlobalSection(ProjectConfigurationPlatforms) = postSolution
		{632201C0-5FF1-4921-AE73-DB1C772FE2AE}.Debug|Any CPU.ActiveCfg = Debug|Any CPU
		{632201C0-5FF1-4921-AE73-DB1C772FE2AE}.Debug|Any CPU.Build.0 = Debug|Any CPU
		{632201C0-5FF1-4921-AE73-DB1C772FE2AE}.Release|Any CPU.ActiveCfg = Release|Any CPU
		{632201C0-5FF1-4921-AE73-DB1C772FE2AE}.Release|Any CPU.Build.0 = Release|Any CPU
	EndGlobalSection
	GlobalSection(SolutionProperties) = preSolution
		HideSolutionNode = FALSE
	EndGlobalSection
EndGlobal
